
Microsoft Visual Studio Solution File, Format Version 12.00
# Visual Studio Version 17
VisualStudioVersion = 17.9.34902.65
MinimumVisualStudioVersion = 10.0.40219.1
Project("{FAE04EC0-301F-11D3-BF4B-00C04F79EFBC}") = "Microsoft.LargePayloadLogger.API", "Microsoft.LargePayloadLogger.API\Microsoft.LargePayloadLogger.API.csproj", "{4F49B329-94C8-42B3-AB34-0F9F02AE861A}"
EndProject
Global
	GlobalSection(SolutionConfigurationPlatforms) = preSolution
		Debug|Any CPU = Debug|Any CPU
		Release|Any CPU = Release|Any CPU
	EndGlobalSection
	GlobalSection(ProjectConfigurationPlatforms) = postSolution
		{4F49B329-94C8-42B3-AB34-0F9F02AE861A}.Debug|Any CPU.ActiveCfg = Debug|Any CPU
		{4F49B329-94C8-42B3-AB34-0F9F02AE861A}.Debug|Any CPU.Build.0 = Debug|Any CPU
		{4F49B329-94C8-42B3-AB34-0F9F02AE861A}.Release|Any CPU.ActiveCfg = Release|Any CPU
		{4F49B329-94C8-42B3-AB34-0F9F02AE861A}.Release|Any CPU.Build.0 = Release|Any CPU
	EndGlobalSection
	GlobalSection(SolutionProperties) = preSolution
		HideSolutionNode = FALSE
	EndGlobalSection
	GlobalSection(ExtensibilityGlobals) = postSolution
		SolutionGuid = {B747A47B-785E-49A3-A2FF-8E63C77853A2}
	EndGlobalSection
EndGlobal
